{
    "_readme": [
        "This file locks the dependencies of your project to a known state",
        "Read more about it at https://getcomposer.org/doc/01-basic-usage.md#installing-dependencies",
        "This file is @generated automatically"
    ],
    "content-hash": "2964bcbfbe5977e1b41fe3ab7dbd8330",
    "packages": [
        {
            "name": "andrewbreksa/rsmq",
            "version": "2.0.2",
            "source": {
                "type": "git",
                "url": "https://github.com/abreksa4/php-rsmq.git",
                "reference": "669bbbac31ab2d0f8612b860db12711efa595fd4"
            },
            "dist": {
                "type": "zip",
                "url": "https://api.github.com/repos/abreksa4/php-rsmq/zipball/669bbbac31ab2d0f8612b860db12711efa595fd4",
                "reference": "669bbbac31ab2d0f8612b860db12711efa595fd4",
                "shasum": ""
            },
            "require": {
                "ext-mbstring": "*",
                "php": "^7.4|^8.0",
                "predis/predis": "^1.1"
            },
            "require-dev": {
                "mockery/mockery": "^1.3",
                "phpstan/phpstan": "^0.11.12 || ^0.12.0 || ^1.0.0",
                "phpunit/phpunit": "^8.3 || ^9.0",
                "roave/security-advisories": "dev-master",
                "squizlabs/php_codesniffer": "^3.5",
                "vimeo/psalm": "^3.12 || ^4.0"
            },
            "type": "library",
            "autoload": {
                "files": [
                    "./src/functions_include.php"
                ],
                "psr-4": {
                    "AndrewBreksa\\RSMQ\\": "src/"
                }
            },
            "notification-url": "https://packagist.org/downloads/",
            "license": [
                "MIT"
            ],
            "authors": [
                {
                    "name": "emre can islambey",
                    "email": "eislambey@gmail.com"
                },
                {
                    "name": "Andrew Breksa",
                    "email": "andrew@andrewbreksa.com"
                }
            ],
            "description": "Redis Simple Message Queue.",
            "support": {
                "issues": "https://github.com/abreksa4/php-rsmq/issues",
                "source": "https://github.com/abreksa4/php-rsmq/tree/v2.0.2"
            },
            "time": "2022-04-27T04:35:02+00:00"
        },
        {
            "name": "lcobucci/clock",
            "version": "2.0.0",
            "source": {
                "type": "git",
                "url": "https://github.com/lcobucci/clock.git",
                "reference": "353d83fe2e6ae95745b16b3d911813df6a05bfb3"
            },
            "dist": {
                "type": "zip",
                "url": "https://api.github.com/repos/lcobucci/clock/zipball/353d83fe2e6ae95745b16b3d911813df6a05bfb3",
                "reference": "353d83fe2e6ae95745b16b3d911813df6a05bfb3",
                "shasum": ""
            },
            "require": {
                "php": "^7.4 || ^8.0"
            },
            "require-dev": {
                "infection/infection": "^0.17",
                "lcobucci/coding-standard": "^6.0",
                "phpstan/extension-installer": "^1.0",
                "phpstan/phpstan": "^0.12",
                "phpstan/phpstan-deprecation-rules": "^0.12",
                "phpstan/phpstan-phpunit": "^0.12",
                "phpstan/phpstan-strict-rules": "^0.12",
                "phpunit/php-code-coverage": "9.1.4",
                "phpunit/phpunit": "9.3.7"
            },
            "type": "library",
            "autoload": {
                "psr-4": {
                    "Lcobucci\\Clock\\": "src"
                }
            },
            "notification-url": "https://packagist.org/downloads/",
            "license": [
                "MIT"
            ],
            "authors": [
                {
                    "name": "Luís Cobucci",
                    "email": "lcobucci@gmail.com"
                }
            ],
            "description": "Yet another clock abstraction",
            "support": {
                "issues": "https://github.com/lcobucci/clock/issues",
                "source": "https://github.com/lcobucci/clock/tree/2.0.x"
            },
            "funding": [
                {
                    "url": "https://github.com/lcobucci",
                    "type": "github"
                },
                {
                    "url": "https://www.patreon.com/lcobucci",
                    "type": "patreon"
                }
            ],
            "time": "2020-08-27T18:56:02+00:00"
        },
        {
            "name": "lcobucci/jwt",
            "version": "4.1.5",
            "source": {
                "type": "git",
                "url": "https://github.com/lcobucci/jwt.git",
                "reference": "fe2d89f2eaa7087af4aa166c6f480ef04e000582"
            },
            "dist": {
                "type": "zip",
                "url": "https://api.github.com/repos/lcobucci/jwt/zipball/fe2d89f2eaa7087af4aa166c6f480ef04e000582",
                "reference": "fe2d89f2eaa7087af4aa166c6f480ef04e000582",
                "shasum": ""
            },
            "require": {
                "ext-hash": "*",
                "ext-json": "*",
                "ext-mbstring": "*",
                "ext-openssl": "*",
                "ext-sodium": "*",
                "lcobucci/clock": "^2.0",
                "php": "^7.4 || ^8.0"
            },
            "require-dev": {
                "infection/infection": "^0.21",
                "lcobucci/coding-standard": "^6.0",
                "mikey179/vfsstream": "^1.6.7",
                "phpbench/phpbench": "^1.0",
                "phpstan/extension-installer": "^1.0",
                "phpstan/phpstan": "^0.12",
                "phpstan/phpstan-deprecation-rules": "^0.12",
                "phpstan/phpstan-phpunit": "^0.12",
                "phpstan/phpstan-strict-rules": "^0.12",
                "phpunit/php-invoker": "^3.1",
                "phpunit/phpunit": "^9.5"
            },
            "type": "library",
            "autoload": {
                "psr-4": {
                    "Lcobucci\\JWT\\": "src"
                }
            },
            "notification-url": "https://packagist.org/downloads/",
            "license": [
                "BSD-3-Clause"
            ],
            "authors": [
                {
                    "name": "Luís Cobucci",
                    "email": "lcobucci@gmail.com",
                    "role": "Developer"
                }
            ],
            "description": "A simple library to work with JSON Web Token and JSON Web Signature",
            "keywords": [
                "JWS",
                "jwt"
            ],
            "support": {
                "issues": "https://github.com/lcobucci/jwt/issues",
                "source": "https://github.com/lcobucci/jwt/tree/4.1.5"
            },
            "funding": [
                {
                    "url": "https://github.com/lcobucci",
                    "type": "github"
                },
                {
                    "url": "https://www.patreon.com/lcobucci",
                    "type": "patreon"
                }
            ],
            "time": "2021-09-28T19:34:56+00:00"
        },
        {
            "name": "postal/postal",
            "version": "v1.0.1",
            "source": {
                "type": "git",
                "url": "https://github.com/postalserver/postal-php.git",
                "reference": "7656516590fe1a409b94833000e14fcf87c61c72"
            },
            "dist": {
                "type": "zip",
                "url": "https://api.github.com/repos/postalserver/postal-php/zipball/7656516590fe1a409b94833000e14fcf87c61c72",
                "reference": "7656516590fe1a409b94833000e14fcf87c61c72",
                "shasum": ""
            },
            "require": {
                "php": ">=5.4",
                "rmccue/requests": "^1.0"
            },
            "type": "library",
            "autoload": {
                "psr-4": {
                    "Postal\\": "src/"
                }
            },
            "notification-url": "https://packagist.org/downloads/",
            "license": [
                "MIT"
            ],
            "authors": [
                {
                    "name": "Adam Cooke",
                    "email": "me@adamcooke.io"
                }
            ],
            "description": "Postal for PHP library.",
            "homepage": "https://github.com/atech/postal",
            "keywords": [
                "mail",
                "postal"
            ],
            "support": {
                "issues": "https://github.com/postalserver/postal-php/issues",
                "source": "https://github.com/postalserver/postal-php/tree/v1.0.1"
            },
            "time": "2022-01-27T10:58:08+00:00"
        },
        {
            "name": "predis/predis",
            "version": "v1.1.10",
            "source": {
                "type": "git",
                "url": "https://github.com/predis/predis.git",
                "reference": "a2fb02d738bedadcffdbb07efa3a5e7bd57f8d6e"
            },
            "dist": {
                "type": "zip",
                "url": "https://api.github.com/repos/predis/predis/zipball/a2fb02d738bedadcffdbb07efa3a5e7bd57f8d6e",
                "reference": "a2fb02d738bedadcffdbb07efa3a5e7bd57f8d6e",
                "shasum": ""
            },
            "require": {
                "php": ">=5.3.9"
            },
            "require-dev": {
                "phpunit/phpunit": "~4.8"
            },
            "suggest": {
                "ext-curl": "Allows access to Webdis when paired with phpiredis",
                "ext-phpiredis": "Allows faster serialization and deserialization of the Redis protocol"
            },
            "type": "library",
            "autoload": {
                "psr-4": {
                    "Predis\\": "src/"
                }
            },
            "notification-url": "https://packagist.org/downloads/",
            "license": [
                "MIT"
            ],
            "authors": [
                {
                    "name": "Daniele Alessandri",
                    "email": "suppakilla@gmail.com",
                    "homepage": "http://clorophilla.net",
                    "role": "Creator & Maintainer"
                },
                {
                    "name": "Till Krüss",
                    "homepage": "https://till.im",
                    "role": "Maintainer"
                }
            ],
            "description": "Flexible and feature-complete Redis client for PHP and HHVM",
            "homepage": "http://github.com/predis/predis",
            "keywords": [
                "nosql",
                "predis",
                "redis"
            ],
            "support": {
                "issues": "https://github.com/predis/predis/issues",
                "source": "https://github.com/predis/predis/tree/v1.1.10"
            },
            "funding": [
                {
                    "url": "https://github.com/sponsors/tillkruss",
                    "type": "github"
                }
            ],
            "time": "2022-01-05T17:46:08+00:00"
        },
        {
            "name": "rmccue/requests",
            "version": "v1.8.1",
            "source": {
                "type": "git",
                "url": "https://github.com/WordPress/Requests.git",
                "reference": "82e6936366eac3af4d836c18b9d8c31028fe4cd5"
            },
            "dist": {
                "type": "zip",
                "url": "https://api.github.com/repos/WordPress/Requests/zipball/82e6936366eac3af4d836c18b9d8c31028fe4cd5",
                "reference": "82e6936366eac3af4d836c18b9d8c31028fe4cd5",
                "shasum": ""
            },
            "require": {
                "php": ">=5.2"
            },
            "require-dev": {
                "dealerdirect/phpcodesniffer-composer-installer": "^0.7",
                "php-parallel-lint/php-console-highlighter": "^0.5.0",
                "php-parallel-lint/php-parallel-lint": "^1.3",
                "phpcompatibility/php-compatibility": "^9.0",
                "phpunit/phpunit": "^4.8 || ^5.7 || ^6.5 || ^7.5",
                "requests/test-server": "dev-master",
                "squizlabs/php_codesniffer": "^3.5",
                "wp-coding-standards/wpcs": "^2.0"
            },
            "type": "library",
            "autoload": {
                "psr-0": {
                    "Requests": "library/"
                }
            },
            "notification-url": "https://packagist.org/downloads/",
            "license": [
                "ISC"
            ],
            "authors": [
                {
                    "name": "Ryan McCue",
                    "homepage": "http://ryanmccue.info"
                }
            ],
            "description": "A HTTP library written in PHP, for human beings.",
            "homepage": "http://github.com/WordPress/Requests",
            "keywords": [
                "curl",
                "fsockopen",
                "http",
                "idna",
                "ipv6",
                "iri",
                "sockets"
            ],
            "support": {
                "issues": "https://github.com/WordPress/Requests/issues",
                "source": "https://github.com/WordPress/Requests/tree/v1.8.1"
            },
            "time": "2021-06-04T09:56:25+00:00"
        },
        {
            "name": "spitfire/cli",
            "version": "0.1.1",
            "source": {
                "type": "git",
                "url": "https://github.com/spitfire-php/cli.git",
                "reference": "357c7f443e3e34bc7256d7c3f0a26c550fe849eb"
            },
            "dist": {
                "type": "zip",
                "url": "https://api.github.com/repos/spitfire-php/cli/zipball/357c7f443e3e34bc7256d7c3f0a26c550fe849eb",
                "reference": "357c7f443e3e34bc7256d7c3f0a26c550fe849eb",
                "shasum": ""
            },
            "require": {
                "ext-posix": "*",
                "spitfire/collection": "^0.1"
            },
            "require-dev": {
                "phpstan/phpstan": "^0.12.82"
            },
            "type": "library",
            "autoload": {
                "psr-4": {
                    "spitfire\\cli\\": "./src/"
                }
            },
            "notification-url": "https://packagist.org/downloads/",
            "license": [
                "MIT"
            ],
            "authors": [
                {
                    "name": "César de la Cal Bretschneider",
                    "email": "cesar@magic3w.com"
                }
            ],
            "description": "CLI Components for Spitfire",
            "support": {
                "issues": "https://github.com/spitfire-php/cli/issues",
                "source": "https://github.com/spitfire-php/cli/tree/0.1.1"
            },
            "time": "2021-09-07T09:15:41+00:00"
        },
        {
            "name": "spitfire/collection",
            "version": "0.1.5",
            "source": {
                "type": "git",
                "url": "https://github.com/spitfire-php/collection.git",
                "reference": "953ba9ded32c3991afac07e13c56995901423743"
            },
            "dist": {
                "type": "zip",
                "url": "https://api.github.com/repos/spitfire-php/collection/zipball/953ba9ded32c3991afac07e13c56995901423743",
                "reference": "953ba9ded32c3991afac07e13c56995901423743",
                "shasum": ""
            },
            "require-dev": {
                "phpstan/phpstan": "^0.12.64",
                "phpunit/phpunit": "^9.4",
                "squizlabs/php_codesniffer": "dev-dev/scope-indent-blank-lines"
            },
            "type": "library",
            "autoload": {
                "psr-4": {
                    "spitfire\\collection\\": "./src/"
                }
            },
            "notification-url": "https://packagist.org/downloads/",
            "license": [
                "MIT"
            ],
            "authors": [
                {
                    "name": "César de la Cal Bretschneider",
                    "email": "cesar@magic3w.com"
                }
            ],
            "description": "Provides collections for spitfire/engine",
            "support": {
                "issues": "https://github.com/spitfire-php/collection/issues",
                "source": "https://github.com/spitfire-php/collection/tree/0.1.5"
            },
            "time": "2022-04-22T11:27:37+00:00"
        },
        {
            "name": "spitfire/defer",
            "version": "0.2.2",
            "source": {
                "type": "git",
                "url": "https://github.com/spitfire-php/defer.git",
                "reference": "40fe22088e7186461136286d1b6982f785f2e20c"
            },
            "dist": {
                "type": "zip",
                "url": "https://api.github.com/repos/spitfire-php/defer/zipball/40fe22088e7186461136286d1b6982f785f2e20c",
                "reference": "40fe22088e7186461136286d1b6982f785f2e20c",
                "shasum": ""
            },
            "require": {
                "andrewbreksa/rsmq": "^2.0",
                "spitfire/cli": "^0.1.0",
                "spitfire/exception": "^0.1.0"
            },
            "require-dev": {
                "phpunit/phpunit": "^9.5",
                "spitfire/dependency-provider": "^0.2.0"
            },
            "type": "library",
            "autoload": {
                "psr-4": {
                    "spitfire\\defer\\": "./src/"
                }
            },
            "notification-url": "https://packagist.org/downloads/",
            "license": [
                "MIT"
            ],
            "authors": [
                {
                    "name": "César de la Cal Bretschneider",
                    "email": "cesar@magic3w.com"
                }
            ],
            "description": "Allozs spitfire apps to defer tasks to be executed at a later point",
            "support": {
                "issues": "https://github.com/spitfire-php/defer/issues",
                "source": "https://github.com/spitfire-php/defer/tree/0.2.2"
            },
            "time": "2021-10-19T08:17:59+00:00"
        },
        {
            "name": "spitfire/exception",
            "version": "0.1.1",
            "source": {
                "type": "git",
                "url": "https://github.com/spitfire-php/exceptions.git",
                "reference": "02b1d64efe48d8a379013cd341e7865c0768779f"
            },
            "dist": {
                "type": "zip",
                "url": "https://api.github.com/repos/spitfire-php/exceptions/zipball/02b1d64efe48d8a379013cd341e7865c0768779f",
                "reference": "02b1d64efe48d8a379013cd341e7865c0768779f",
                "shasum": ""
            },
            "require-dev": {
                "phpstan/phpstan": "^0.12.71",
                "phpunit/phpunit": "^9.5"
            },
            "type": "library",
            "autoload": {
                "psr-4": {
                    "spitfire\\exceptions\\": "./src"
                }
            },
            "notification-url": "https://packagist.org/downloads/",
            "license": [
                "MIT"
            ],
            "authors": [
                {
                    "name": "César de la Cal Bretschneider",
                    "email": "cesar@magic3w.com"
                }
            ],
            "description": "Exception interfaces for spitfire",
            "support": {
                "issues": "https://github.com/spitfire-php/exceptions/issues",
                "source": "https://github.com/spitfire-php/exceptions/tree/0.1.1"
            },
            "time": "2021-03-23T11:55:24+00:00"
        }
    ],
    "packages-dev": [
        {
            "name": "magic3w/php-coding-standard",
            "version": "1.0.0",
            "source": {
                "type": "git",
                "url": "https://github.com/Magic3W/php-coding-standard.git",
                "reference": "a8c4094a1c7ec365e4d4d2cbcac8a6157631c54a"
            },
            "dist": {
                "type": "zip",
                "url": "https://api.github.com/repos/Magic3W/php-coding-standard/zipball/a8c4094a1c7ec365e4d4d2cbcac8a6157631c54a",
                "reference": "a8c4094a1c7ec365e4d4d2cbcac8a6157631c54a",
                "shasum": ""
            },
            "require": {
                "squizlabs/php_codesniffer": "dev-dev/scope-indent-blank-lines"
            },
            "type": "library",
            "notification-url": "https://packagist.org/downloads/",
            "license": [
                "MIT"
            ],
            "authors": [
                {
                    "name": "César de la Cal Bretschneider",
                    "email": "cesar@magic3w.com"
                }
            ],
            "description": "Magic3W Coding standard for PHP projects.",
            "support": {
                "issues": "https://github.com/Magic3W/php-coding-standard/issues",
                "source": "https://github.com/Magic3W/php-coding-standard/tree/1.0.0"
            },
            "time": "2022-02-01T12:46:42+00:00"
        },
        {
            "name": "phpstan/phpstan",
            "version": "0.12.99",
            "source": {
                "type": "git",
                "url": "https://github.com/phpstan/phpstan.git",
                "reference": "b4d40f1d759942f523be267a1bab6884f46ca3f7"
            },
            "dist": {
                "type": "zip",
                "url": "https://api.github.com/repos/phpstan/phpstan/zipball/b4d40f1d759942f523be267a1bab6884f46ca3f7",
                "reference": "b4d40f1d759942f523be267a1bab6884f46ca3f7",
                "shasum": ""
            },
            "require": {
                "php": "^7.1|^8.0"
            },
            "conflict": {
                "phpstan/phpstan-shim": "*"
            },
            "bin": [
                "phpstan",
                "phpstan.phar"
            ],
            "type": "library",
            "extra": {
                "branch-alias": {
                    "dev-master": "0.12-dev"
                }
            },
            "autoload": {
                "files": [
                    "bootstrap.php"
                ]
            },
            "notification-url": "https://packagist.org/downloads/",
            "license": [
                "MIT"
            ],
            "description": "PHPStan - PHP Static Analysis Tool",
            "support": {
                "issues": "https://github.com/phpstan/phpstan/issues",
                "source": "https://github.com/phpstan/phpstan/tree/0.12.99"
            },
            "funding": [
                {
                    "url": "https://github.com/ondrejmirtes",
                    "type": "github"
                },
                {
                    "url": "https://github.com/phpstan",
                    "type": "github"
                },
                {
                    "url": "https://www.patreon.com/phpstan",
                    "type": "patreon"
                },
                {
                    "url": "https://tidelift.com/funding/github/packagist/phpstan/phpstan",
                    "type": "tidelift"
                }
            ],
            "time": "2021-09-12T20:09:55+00:00"
        },
        {
            "name": "squizlabs/php_codesniffer",
            "version": "dev-dev/scope-indent-blank-lines",
            "source": {
                "type": "git",
                "url": "https://github.com/Csardelacal/PHP_CodeSniffer.git",
                "reference": "7a0de8d171488991cda6ac936f4cf6ee3e8bac7b"
            },
            "dist": {
                "type": "zip",
                "url": "https://api.github.com/repos/Csardelacal/PHP_CodeSniffer/zipball/7a0de8d171488991cda6ac936f4cf6ee3e8bac7b",
                "reference": "7a0de8d171488991cda6ac936f4cf6ee3e8bac7b",
                "shasum": ""
            },
            "require": {
                "ext-simplexml": "*",
                "ext-tokenizer": "*",
                "ext-xmlwriter": "*",
                "php": ">=5.4.0"
            },
            "require-dev": {
                "phpunit/phpunit": "^4.0 || ^5.0 || ^6.0 || ^7.0"
            },
            "bin": [
                "bin/phpcs",
                "bin/phpcbf"
            ],
            "type": "library",
            "extra": {
                "branch-alias": {
                    "dev-master": "3.x-dev"
                }
            },
            "license": [
                "BSD-3-Clause"
            ],
            "authors": [
                {
                    "name": "Greg Sherwood",
                    "role": "lead"
                }
            ],
            "description": "PHP_CodeSniffer tokenizes PHP, JavaScript and CSS files and detects violations of a defined set of coding standards.",
            "homepage": "https://github.com/squizlabs/PHP_CodeSniffer",
            "keywords": [
                "phpcs",
                "standards"
            ],
            "support": {
                "issues": "https://github.com/squizlabs/PHP_CodeSniffer/issues",
                "wiki": "https://github.com/squizlabs/PHP_CodeSniffer/wiki",
                "source": "https://github.com/squizlabs/PHP_CodeSniffer"
            },
            "time": "2022-01-20T00:58:22+00:00"
        }
    ],
    "aliases": [],
    "minimum-stability": "dev",
    "stability-flags": [],
    "prefer-stable": true,
    "prefer-lowest": false,
    "platform": [],
    "platform-dev": [],
    "plugin-api-version": "2.3.0"
}
